# This file was autogenerated by Stack.
# You should not edit this file by hand.
# For more information, please see the documentation at:
#   https://docs.haskellstack.org/en/stable/lock_files

packages:
- completed:
    hackage: ListZipper-1.2.0.2@sha256:5bbb5a4cc7f1cae962310407f711b874c087b48a0ba39b9fcce84cdb0ff5244c,639
    pantry-tree:
      sha256: 9343dd4659ff06f5dd59147aca3f8eb4550293a477ca149e9fba8d58f1e3ec38
      size: 213
  original:
    hackage: ListZipper-1.2.0.2@sha256:5bbb5a4cc7f1cae962310407f711b874c087b48a0ba39b9fcce84cdb0ff5244c,639
snapshots:
- completed:
    sha256: 32716534fff554b7f90762130fdb985cabf29f157758934dd1c8f3892a646430
    size: 586103
    url: https://raw.githubusercontent.com/commercialhaskell/stackage-snapshots/master/lts/18/19.yaml
  original:
    url: https://raw.githubusercontent.com/commercialhaskell/stackage-snapshots/master/lts/18/19.yaml
